
Microsoft Visual Studio Solution File, Format Version 12.00
# Visual Studio 14
VisualStudioVersion = 14.0.23107.0
MinimumVisualStudioVersion = 10.0.40219.1
Project("{FAE04EC0-301F-11D3-BF4B-00C04F79EFBC}") = "FizzBuzzKata", "FizzBuzzKata\FizzBuzzKata.csproj", "{B240DF70-162C-4D94-97D2-C15381385C70}"
EndProject
Project("{FAE04EC0-301F-11D3-BF4B-00C04F79EFBC}") = "FizzBuzzKata.Tests", "FizzBuzzKata.Tests\FizzBuzzKata.Tests.csproj", "{F3571C18-E00B-4B61-9F37-C1E8CC1F375E}"
EndProject
Global
	GlobalSection(SolutionConfigurationPlatforms) = preSolution
		Debug|Any CPU = Debug|Any CPU
		Release|Any CPU = Release|Any CPU
	EndGlobalSection
	GlobalSection(ProjectConfigurationPlatforms) = postSolution
		{B240DF70-162C-4D94-97D2-C15381385C70}.Debug|Any CPU.ActiveCfg = Debug|Any CPU
		{B240DF70-162C-4D94-97D2-C15381385C70}.Debug|Any CPU.Build.0 = Debug|Any CPU
		{B240DF70-162C-4D94-97D2-C15381385C70}.Release|Any CPU.ActiveCfg = Release|Any CPU
		{B240DF70-162C-4D94-97D2-C15381385C70}.Release|Any CPU.Build.0 = Release|Any CPU
		{F3571C18-E00B-4B61-9F37-C1E8CC1F375E}.Debug|Any CPU.ActiveCfg = Debug|Any CPU
		{F3571C18-E00B-4B61-9F37-C1E8CC1F375E}.Debug|Any CPU.Build.0 = Debug|Any CPU
		{F3571C18-E00B-4B61-9F37-C1E8CC1F375E}.Release|Any CPU.ActiveCfg = Release|Any CPU
		{F3571C18-E00B-4B61-9F37-C1E8CC1F375E}.Release|Any CPU.Build.0 = Release|Any CPU
	EndGlobalSection
	GlobalSection(SolutionProperties) = preSolution
		HideSolutionNode = FALSE
	EndGlobalSection
EndGlobal
